
Microsoft Visual Studio Solution File, Format Version 12.00
# Visual Studio Version 16
VisualStudioVersion = 16.0.29911.84
MinimumVisualStudioVersion = 10.0.40219.1
Project("{8BC9CEB8-8B4A-11D0-8D11-00A0C91BC942}") = "HelloWindow", "HelloWindow\HelloWindow.vcxproj", "{96210A87-31F4-4482-9DBE-A370C33D750F}"
EndProject
Project("{8BC9CEB8-8B4A-11D0-8D11-00A0C91BC942}") = "ShaderIntroduction", "ShaderIntroduction\ShaderIntroduction.vcxproj", "{7BAC64B2-049D-4EB6-BC1A-974DCF9FD725}"
	ProjectSection(ProjectDependencies) = postProject
		{1FC53607-E391-42EA-AE78-515C5044059F} = {1FC53607-E391-42EA-AE78-515C5044059F}
	EndProjectSection
EndProject
Project("{8BC9CEB8-8B4A-11D0-8D11-00A0C91BC942}") = "HAUtilities", "Utilities\Utilities.vcxproj", "{1FC53607-E391-42EA-AE78-515C5044059F}"
EndProject
Project("{8BC9CEB8-8B4A-11D0-8D11-00A0C91BC942}") = "Texture", "Texture\Texture.vcxproj", "{963A56E7-6E78-4349-85F1-91561AE316C4}"
	ProjectSection(ProjectDependencies) = postProject
		{1FC53607-E391-42EA-AE78-515C5044059F} = {1FC53607-E391-42EA-AE78-515C5044059F}
	EndProjectSection
EndProject
Project("{8BC9CEB8-8B4A-11D0-8D11-00A0C91BC942}") = "Transformation", "Transformation\Transformation.vcxproj", "{6E81B1A7-BA31-4046-BD4A-B744305E4ECB}"
	ProjectSection(ProjectDependencies) = postProject
		{1FC53607-E391-42EA-AE78-515C5044059F} = {1FC53607-E391-42EA-AE78-515C5044059F}
	EndProjectSection
EndProject
Project("{8BC9CEB8-8B4A-11D0-8D11-00A0C91BC942}") = "Coordinates", "Coordinates\Coordinates.vcxproj", "{3C15E581-A214-4C87-89DF-9C5B31495F75}"
	ProjectSection(ProjectDependencies) = postProject
		{1FC53607-E391-42EA-AE78-515C5044059F} = {1FC53607-E391-42EA-AE78-515C5044059F}
	EndProjectSection
EndProject
Project("{8BC9CEB8-8B4A-11D0-8D11-00A0C91BC942}") = "Camera", "Camera\Camera.vcxproj", "{59B7782C-BCF8-48C5-AA5C-4C860590CE3A}"
	ProjectSection(ProjectDependencies) = postProject
		{1FC53607-E391-42EA-AE78-515C5044059F} = {1FC53607-E391-42EA-AE78-515C5044059F}
	EndProjectSection
EndProject
Project("{8BC9CEB8-8B4A-11D0-8D11-00A0C91BC942}") = "Lighting", "Lighting\Lighting.vcxproj", "{D3F17A61-64C9-4CA9-9DCE-484A32A12EE7}"
	ProjectSection(ProjectDependencies) = postProject
		{1FC53607-E391-42EA-AE78-515C5044059F} = {1FC53607-E391-42EA-AE78-515C5044059F}
	EndProjectSection
EndProject
Project("{8BC9CEB8-8B4A-11D0-8D11-00A0C91BC942}") = "LightCaster", "LightCaster\LightCaster.vcxproj", "{8AC489E6-DAB3-452B-9840-C42F4B405783}"
	ProjectSection(ProjectDependencies) = postProject
		{1FC53607-E391-42EA-AE78-515C5044059F} = {1FC53607-E391-42EA-AE78-515C5044059F}
	EndProjectSection
EndProject
Project("{8BC9CEB8-8B4A-11D0-8D11-00A0C91BC942}") = "ModelLoading", "ModelLoading\ModelLoading.vcxproj", "{D84AE74D-96F9-4BD8-A191-55E118F26746}"
	ProjectSection(ProjectDependencies) = postProject
		{1FC53607-E391-42EA-AE78-515C5044059F} = {1FC53607-E391-42EA-AE78-515C5044059F}
	EndProjectSection
EndProject
Project("{8BC9CEB8-8B4A-11D0-8D11-00A0C91BC942}") = "DepthTesting", "DepthTesting\DepthTesting.vcxproj", "{EAE06656-3AAC-4016-A5DC-178C303C992D}"
	ProjectSection(ProjectDependencies) = postProject
		{1FC53607-E391-42EA-AE78-515C5044059F} = {1FC53607-E391-42EA-AE78-515C5044059F}
	EndProjectSection
EndProject
Project("{8BC9CEB8-8B4A-11D0-8D11-00A0C91BC942}") = "StencilTesting", "StencilTesting\StencilTesting.vcxproj", "{1EC8BAA2-B077-4569-9A4C-4B2AFDB2F2B9}"
	ProjectSection(ProjectDependencies) = postProject
		{1FC53607-E391-42EA-AE78-515C5044059F} = {1FC53607-E391-42EA-AE78-515C5044059F}
	EndProjectSection
EndProject
Project("{8BC9CEB8-8B4A-11D0-8D11-00A0C91BC942}") = "Dissolve", "Dissolve\Dissolve.vcxproj", "{52534D0F-A081-4CE6-91AD-87DF971A8DC1}"
	ProjectSection(ProjectDependencies) = postProject
		{1FC53607-E391-42EA-AE78-515C5044059F} = {1FC53607-E391-42EA-AE78-515C5044059F}
	EndProjectSection
EndProject
Project("{8BC9CEB8-8B4A-11D0-8D11-00A0C91BC942}") = "FaceCulling", "FaceCulling\FaceCulling.vcxproj", "{6A0A39CA-5C32-4322-A56E-8D57E586D43D}"
	ProjectSection(ProjectDependencies) = postProject
		{1FC53607-E391-42EA-AE78-515C5044059F} = {1FC53607-E391-42EA-AE78-515C5044059F}
	EndProjectSection
EndProject
Project("{8BC9CEB8-8B4A-11D0-8D11-00A0C91BC942}") = "FrameBuffer", "FrameBuffer\FrameBuffer.vcxproj", "{B01D9C48-CE91-45DC-9D3F-8121D59C3365}"
	ProjectSection(ProjectDependencies) = postProject
		{1FC53607-E391-42EA-AE78-515C5044059F} = {1FC53607-E391-42EA-AE78-515C5044059F}
	EndProjectSection
EndProject
Project("{8BC9CEB8-8B4A-11D0-8D11-00A0C91BC942}") = "CubeMap", "CubeMap\CubeMap.vcxproj", "{ECBB04AC-1D69-4E73-B569-0940346724B2}"
	ProjectSection(ProjectDependencies) = postProject
		{1FC53607-E391-42EA-AE78-515C5044059F} = {1FC53607-E391-42EA-AE78-515C5044059F}
	EndProjectSection
EndProject
Global
	GlobalSection(SolutionConfigurationPlatforms) = preSolution
		Debug|x64 = Debug|x64
		Debug|x86 = Debug|x86
		Release|x64 = Release|x64
		Release|x86 = Release|x86
	EndGlobalSection
	GlobalSection(ProjectConfigurationPlatforms) = postSolution
		{96210A87-31F4-4482-9DBE-A370C33D750F}.Debug|x64.ActiveCfg = Debug|x64
		{96210A87-31F4-4482-9DBE-A370C33D750F}.Debug|x64.Build.0 = Debug|x64
		{96210A87-31F4-4482-9DBE-A370C33D750F}.Debug|x86.ActiveCfg = Debug|Win32
		{96210A87-31F4-4482-9DBE-A370C33D750F}.Debug|x86.Build.0 = Debug|Win32
		{96210A87-31F4-4482-9DBE-A370C33D750F}.Release|x64.ActiveCfg = Release|x64
		{96210A87-31F4-4482-9DBE-A370C33D750F}.Release|x64.Build.0 = Release|x64
		{96210A87-31F4-4482-9DBE-A370C33D750F}.Release|x86.ActiveCfg = Release|Win32
		{96210A87-31F4-4482-9DBE-A370C33D750F}.Release|x86.Build.0 = Release|Win32
		{7BAC64B2-049D-4EB6-BC1A-974DCF9FD725}.Debug|x64.ActiveCfg = Debug|x64
		{7BAC64B2-049D-4EB6-BC1A-974DCF9FD725}.Debug|x64.Build.0 = Debug|x64
		{7BAC64B2-049D-4EB6-BC1A-974DCF9FD725}.Debug|x86.ActiveCfg = Debug|Win32
		{7BAC64B2-049D-4EB6-BC1A-974DCF9FD725}.Debug|x86.Build.0 = Debug|Win32
		{7BAC64B2-049D-4EB6-BC1A-974DCF9FD725}.Release|x64.ActiveCfg = Release|x64
		{7BAC64B2-049D-4EB6-BC1A-974DCF9FD725}.Release|x64.Build.0 = Release|x64
		{7BAC64B2-049D-4EB6-BC1A-974DCF9FD725}.Release|x86.ActiveCfg = Release|Win32
		{7BAC64B2-049D-4EB6-BC1A-974DCF9FD725}.Release|x86.Build.0 = Release|Win32
		{1FC53607-E391-42EA-AE78-515C5044059F}.Debug|x64.ActiveCfg = Debug|x64
		{1FC53607-E391-42EA-AE78-515C5044059F}.Debug|x64.Build.0 = Debug|x64
		{1FC53607-E391-42EA-AE78-515C5044059F}.Debug|x86.ActiveCfg = Debug|Win32
		{1FC53607-E391-42EA-AE78-515C5044059F}.Debug|x86.Build.0 = Debug|Win32
		{1FC53607-E391-42EA-AE78-515C5044059F}.Release|x64.ActiveCfg = Release|x64
		{1FC53607-E391-42EA-AE78-515C5044059F}.Release|x64.Build.0 = Release|x64
		{1FC53607-E391-42EA-AE78-515C5044059F}.Release|x86.ActiveCfg = Release|Win32
		{1FC53607-E391-42EA-AE78-515C5044059F}.Release|x86.Build.0 = Release|Win32
		{963A56E7-6E78-4349-85F1-91561AE316C4}.Debug|x64.ActiveCfg = Debug|x64
		{963A56E7-6E78-4349-85F1-91561AE316C4}.Debug|x64.Build.0 = Debug|x64
		{963A56E7-6E78-4349-85F1-91561AE316C4}.Debug|x86.ActiveCfg = Debug|Win32
		{963A56E7-6E78-4349-85F1-91561AE316C4}.Debug|x86.Build.0 = Debug|Win32
		{963A56E7-6E78-4349-85F1-91561AE316C4}.Release|x64.ActiveCfg = Release|x64
		{963A56E7-6E78-4349-85F1-91561AE316C4}.Release|x64.Build.0 = Release|x64
		{963A56E7-6E78-4349-85F1-91561AE316C4}.Release|x86.ActiveCfg = Release|Win32
		{963A56E7-6E78-4349-85F1-91561AE316C4}.Release|x86.Build.0 = Release|Win32
		{6E81B1A7-BA31-4046-BD4A-B744305E4ECB}.Debug|x64.ActiveCfg = Debug|x64
		{6E81B1A7-BA31-4046-BD4A-B744305E4ECB}.Debug|x64.Build.0 = Debug|x64
		{6E81B1A7-BA31-4046-BD4A-B744305E4ECB}.Debug|x86.ActiveCfg = Debug|Win32
		{6E81B1A7-BA31-4046-BD4A-B744305E4ECB}.Debug|x86.Build.0 = Debug|Win32
		{6E81B1A7-BA31-4046-BD4A-B744305E4ECB}.Release|x64.ActiveCfg = Release|x64
		{6E81B1A7-BA31-4046-BD4A-B744305E4ECB}.Release|x64.Build.0 = Release|x64
		{6E81B1A7-BA31-4046-BD4A-B744305E4ECB}.Release|x86.ActiveCfg = Release|Win32
		{6E81B1A7-BA31-4046-BD4A-B744305E4ECB}.Release|x86.Build.0 = Release|Win32
		{3C15E581-A214-4C87-89DF-9C5B31495F75}.Debug|x64.ActiveCfg = Debug|x64
		{3C15E581-A214-4C87-89DF-9C5B31495F75}.Debug|x64.Build.0 = Debug|x64
		{3C15E581-A214-4C87-89DF-9C5B31495F75}.Debug|x86.ActiveCfg = Debug|Win32
		{3C15E581-A214-4C87-89DF-9C5B31495F75}.Debug|x86.Build.0 = Debug|Win32
		{3C15E581-A214-4C87-89DF-9C5B31495F75}.Release|x64.ActiveCfg = Release|x64
		{3C15E581-A214-4C87-89DF-9C5B31495F75}.Release|x64.Build.0 = Release|x64
		{3C15E581-A214-4C87-89DF-9C5B31495F75}.Release|x86.ActiveCfg = Release|Win32
		{3C15E581-A214-4C87-89DF-9C5B31495F75}.Release|x86.Build.0 = Release|Win32
		{59B7782C-BCF8-48C5-AA5C-4C860590CE3A}.Debug|x64.ActiveCfg = Debug|x64
		{59B7782C-BCF8-48C5-AA5C-4C860590CE3A}.Debug|x64.Build.0 = Debug|x64
		{59B7782C-BCF8-48C5-AA5C-4C860590CE3A}.Debug|x86.ActiveCfg = Debug|Win32
		{59B7782C-BCF8-48C5-AA5C-4C860590CE3A}.Debug|x86.Build.0 = Debug|Win32
		{59B7782C-BCF8-48C5-AA5C-4C860590CE3A}.Release|x64.ActiveCfg = Release|x64
		{59B7782C-BCF8-48C5-AA5C-4C860590CE3A}.Release|x64.Build.0 = Release|x64
		{59B7782C-BCF8-48C5-AA5C-4C860590CE3A}.Release|x86.ActiveCfg = Release|Win32
		{59B7782C-BCF8-48C5-AA5C-4C860590CE3A}.Release|x86.Build.0 = Release|Win32
		{D3F17A61-64C9-4CA9-9DCE-484A32A12EE7}.Debug|x64.ActiveCfg = Debug|x64
		{D3F17A61-64C9-4CA9-9DCE-484A32A12EE7}.Debug|x64.Build.0 = Debug|x64
		{D3F17A61-64C9-4CA9-9DCE-484A32A12EE7}.Debug|x86.ActiveCfg = Debug|Win32
		{D3F17A61-64C9-4CA9-9DCE-484A32A12EE7}.Debug|x86.Build.0 = Debug|Win32
		{D3F17A61-64C9-4CA9-9DCE-484A32A12EE7}.Release|x64.ActiveCfg = Release|x64
		{D3F17A61-64C9-4CA9-9DCE-484A32A12EE7}.Release|x64.Build.0 = Release|x64
		{D3F17A61-64C9-4CA9-9DCE-484A32A12EE7}.Release|x86.ActiveCfg = Release|Win32
		{D3F17A61-64C9-4CA9-9DCE-484A32A12EE7}.Release|x86.Build.0 = Release|Win32
		{8AC489E6-DAB3-452B-9840-C42F4B405783}.Debug|x64.ActiveCfg = Debug|x64
		{8AC489E6-DAB3-452B-9840-C42F4B405783}.Debug|x64.Build.0 = Debug|x64
		{8AC489E6-DAB3-452B-9840-C42F4B405783}.Debug|x86.ActiveCfg = Debug|Win32
		{8AC489E6-DAB3-452B-9840-C42F4B405783}.Debug|x86.Build.0 = Debug|Win32
		{8AC489E6-DAB3-452B-9840-C42F4B405783}.Release|x64.ActiveCfg = Release|x64
		{8AC489E6-DAB3-452B-9840-C42F4B405783}.Release|x64.Build.0 = Release|x64
		{8AC489E6-DAB3-452B-9840-C42F4B405783}.Release|x86.ActiveCfg = Release|Win32
		{8AC489E6-DAB3-452B-9840-C42F4B405783}.Release|x86.Build.0 = Release|Win32
		{D84AE74D-96F9-4BD8-A191-55E118F26746}.Debug|x64.ActiveCfg = Debug|x64
		{D84AE74D-96F9-4BD8-A191-55E118F26746}.Debug|x64.Build.0 = Debug|x64
		{D84AE74D-96F9-4BD8-A191-55E118F26746}.Debug|x86.ActiveCfg = Debug|Win32
		{D84AE74D-96F9-4BD8-A191-55E118F26746}.Debug|x86.Build.0 = Debug|Win32
		{D84AE74D-96F9-4BD8-A191-55E118F26746}.Release|x64.ActiveCfg = Release|x64
		{D84AE74D-96F9-4BD8-A191-55E118F26746}.Release|x64.Build.0 = Release|x64
		{D84AE74D-96F9-4BD8-A191-55E118F26746}.Release|x86.ActiveCfg = Release|Win32
		{D84AE74D-96F9-4BD8-A191-55E118F26746}.Release|x86.Build.0 = Release|Win32
		{EAE06656-3AAC-4016-A5DC-178C303C992D}.Debug|x64.ActiveCfg = Debug|x64
		{EAE06656-3AAC-4016-A5DC-178C303C992D}.Debug|x64.Build.0 = Debug|x64
		{EAE06656-3AAC-4016-A5DC-178C303C992D}.Debug|x86.ActiveCfg = Debug|Win32
		{EAE06656-3AAC-4016-A5DC-178C303C992D}.Debug|x86.Build.0 = Debug|Win32
		{EAE06656-3AAC-4016-A5DC-178C303C992D}.Release|x64.ActiveCfg = Release|x64
		{EAE06656-3AAC-4016-A5DC-178C303C992D}.Release|x64.Build.0 = Release|x64
		{EAE06656-3AAC-4016-A5DC-178C303C992D}.Release|x86.ActiveCfg = Release|Win32
		{EAE06656-3AAC-4016-A5DC-178C303C992D}.Release|x86.Build.0 = Release|Win32
		{1EC8BAA2-B077-4569-9A4C-4B2AFDB2F2B9}.Debug|x64.ActiveCfg = Debug|x64
		{1EC8BAA2-B077-4569-9A4C-4B2AFDB2F2B9}.Debug|x64.Build.0 = Debug|x64
		{1EC8BAA2-B077-4569-9A4C-4B2AFDB2F2B9}.Debug|x86.ActiveCfg = Debug|Win32
		{1EC8BAA2-B077-4569-9A4C-4B2AFDB2F2B9}.Debug|x86.Build.0 = Debug|Win32
		{1EC8BAA2-B077-4569-9A4C-4B2AFDB2F2B9}.Release|x64.ActiveCfg = Release|x64
		{1EC8BAA2-B077-4569-9A4C-4B2AFDB2F2B9}.Release|x64.Build.0 = Release|x64
		{1EC8BAA2-B077-4569-9A4C-4B2AFDB2F2B9}.Release|x86.ActiveCfg = Release|Win32
		{1EC8BAA2-B077-4569-9A4C-4B2AFDB2F2B9}.Release|x86.Build.0 = Release|Win32
		{52534D0F-A081-4CE6-91AD-87DF971A8DC1}.Debug|x64.ActiveCfg = Debug|x64
		{52534D0F-A081-4CE6-91AD-87DF971A8DC1}.Debug|x64.Build.0 = Debug|x64
		{52534D0F-A081-4CE6-91AD-87DF971A8DC1}.Debug|x86.ActiveCfg = Debug|Win32
		{52534D0F-A081-4CE6-91AD-87DF971A8DC1}.Debug|x86.Build.0 = Debug|Win32
		{52534D0F-A081-4CE6-91AD-87DF971A8DC1}.Release|x64.ActiveCfg = Release|x64
		{52534D0F-A081-4CE6-91AD-87DF971A8DC1}.Release|x64.Build.0 = Release|x64
		{52534D0F-A081-4CE6-91AD-87DF971A8DC1}.Release|x86.ActiveCfg = Release|Win32
		{52534D0F-A081-4CE6-91AD-87DF971A8DC1}.Release|x86.Build.0 = Release|Win32
		{6A0A39CA-5C32-4322-A56E-8D57E586D43D}.Debug|x64.ActiveCfg = Debug|x64
		{6A0A39CA-5C32-4322-A56E-8D57E586D43D}.Debug|x64.Build.0 = Debug|x64
		{6A0A39CA-5C32-4322-A56E-8D57E586D43D}.Debug|x86.ActiveCfg = Debug|Win32
		{6A0A39CA-5C32-4322-A56E-8D57E586D43D}.Debug|x86.Build.0 = Debug|Win32
		{6A0A39CA-5C32-4322-A56E-8D57E586D43D}.Release|x64.ActiveCfg = Release|x64
		{6A0A39CA-5C32-4322-A56E-8D57E586D43D}.Release|x64.Build.0 = Release|x64
		{6A0A39CA-5C32-4322-A56E-8D57E586D43D}.Release|x86.ActiveCfg = Release|Win32
		{6A0A39CA-5C32-4322-A56E-8D57E586D43D}.Release|x86.Build.0 = Release|Win32
		{B01D9C48-CE91-45DC-9D3F-8121D59C3365}.Debug|x64.ActiveCfg = Debug|x64
		{B01D9C48-CE91-45DC-9D3F-8121D59C3365}.Debug|x64.Build.0 = Debug|x64
		{B01D9C48-CE91-45DC-9D3F-8121D59C3365}.Debug|x86.ActiveCfg = Debug|Win32
		{B01D9C48-CE91-45DC-9D3F-8121D59C3365}.Debug|x86.Build.0 = Debug|Win32
		{B01D9C48-CE91-45DC-9D3F-8121D59C3365}.Release|x64.ActiveCfg = Release|x64
		{B01D9C48-CE91-45DC-9D3F-8121D59C3365}.Release|x64.Build.0 = Release|x64
		{B01D9C48-CE91-45DC-9D3F-8121D59C3365}.Release|x86.ActiveCfg = Release|Win32
		{B01D9C48-CE91-45DC-9D3F-8121D59C3365}.Release|x86.Build.0 = Release|Win32
		{ECBB04AC-1D69-4E73-B569-0940346724B2}.Debug|x64.ActiveCfg = Debug|x64
		{ECBB04AC-1D69-4E73-B569-0940346724B2}.Debug|x64.Build.0 = Debug|x64
		{ECBB04AC-1D69-4E73-B569-0940346724B2}.Debug|x86.ActiveCfg = Debug|Win32
		{ECBB04AC-1D69-4E73-B569-0940346724B2}.Debug|x86.Build.0 = Debug|Win32
		{ECBB04AC-1D69-4E73-B569-0940346724B2}.Release|x64.ActiveCfg = Release|x64
		{ECBB04AC-1D69-4E73-B569-0940346724B2}.Release|x64.Build.0 = Release|x64
		{ECBB04AC-1D69-4E73-B569-0940346724B2}.Release|x86.ActiveCfg = Release|Win32
		{ECBB04AC-1D69-4E73-B569-0940346724B2}.Release|x86.Build.0 = Release|Win32
	EndGlobalSection
	GlobalSection(SolutionProperties) = preSolution
		HideSolutionNode = FALSE
	EndGlobalSection
	GlobalSection(ExtensibilityGlobals) = postSolution
		SolutionGuid = {F2B43413-2002-4C51-9E84-BCA4AB12A9F0}
	EndGlobalSection
EndGlobal
